
Microsoft Visual Studio Solution File, Format Version 12.00
# Visual Studio Version 17
VisualStudioVersion = 17.4.33122.133
MinimumVisualStudioVersion = 10.0.40219.1
Project("{9A19103F-16F7-4668-BE54-9A1E7A4F7556}") = "Chlaot", "Chlaot\Chlaot.csproj", "{73DED221-41F9-411A-9CFF-2ABEA5964D93}"
EndProject
Project("{2150E333-8FDC-42A3-9474-1A3956D46DE8}") = "Modules", "Modules", "{50476E83-616C-4626-99B3-011038C60496}"
EndProject
Project("{9A19103F-16F7-4668-BE54-9A1E7A4F7556}") = "ESimConnectWpfTest", "ESimConnectWpfTest\ESimConnectWpfTest.csproj", "{532B685B-9D3F-4E4F-8C3D-FA194F265C8C}"
EndProject
Project("{2150E333-8FDC-42A3-9474-1A3956D46DE8}") = "DLLs", "DLLs", "{6DE45974-2B03-4253-A45A-26097E955597}"
	ProjectSection(SolutionItems) = preProject
		DLLs\Microsoft.FlightSimulator.SimConnect.dll = DLLs\Microsoft.FlightSimulator.SimConnect.dll
		DLLs\NAudioCore.deps.json = DLLs\NAudioCore.deps.json
		DLLs\NAudioCore.dll = DLLs\NAudioCore.dll
		DLLs\NAudioCore.pdb = DLLs\NAudioCore.pdb
		DLLs\SimConnect.dll = DLLs\SimConnect.dll
	EndProjectSection
EndProject
Project("{2150E333-8FDC-42A3-9474-1A3956D46DE8}") = "Libs", "Libs", "{BDA214A5-916B-47DD-AAC4-51A85D016FAE}"
EndProject
Project("{2150E333-8FDC-42A3-9474-1A3956D46DE8}") = "Xmls", "Xmls", "{56EA1EB7-0FB0-42D6-B301-9BFE7061088D}"
	ProjectSection(SolutionItems) = preProject
		Xmls\copyXmlXsd.bat = Xmls\copyXmlXsd.bat
	EndProjectSection
EndProject
Project("{2150E333-8FDC-42A3-9474-1A3956D46DE8}") = "Xsds", "Xsds", "{404576BE-5C9A-4B1A-8A79-87DFB1E2718C}"
	ProjectSection(SolutionItems) = preProject
		Xmls\Xsds\AffinitySchema.xsd = Xmls\Xsds\AffinitySchema.xsd
		Xmls\Xsds\ChecklistSchema.xsd = Xmls\Xsds\ChecklistSchema.xsd
		Xmls\Xsds\CopilotSchema.xsd = Xmls\Xsds\CopilotSchema.xsd
		Xmls\Xsds\FailureDefinitionSchema.xsd = Xmls\Xsds\FailureDefinitionSchema.xsd
		Xmls\Xsds\FailureSchema.xsd = Xmls\Xsds\FailureSchema.xsd
		Xmls\Xsds\Global.xsd = Xmls\Xsds\Global.xsd
		Xmls\Xsds\SimPropertiesSchema.xsd = Xmls\Xsds\SimPropertiesSchema.xsd
	EndProjectSection
EndProject
Project("{2150E333-8FDC-42A3-9474-1A3956D46DE8}") = "Checklist", "Checklist", "{449B60D4-B914-4D79-A613-532AFFF4AA5A}"
	ProjectSection(SolutionItems) = preProject
		Xmls\Checklist\a320.checklist.xml = Xmls\Checklist\a320.checklist.xml
		Xmls\Checklist\baron.checklist.xml = Xmls\Checklist\baron.checklist.xml
		Xmls\Checklist\cj4.checklist.xml = Xmls\Checklist\cj4.checklist.xml
	EndProjectSection
EndProject
Project("{2150E333-8FDC-42A3-9474-1A3956D46DE8}") = "Failures", "Failures", "{10F6197D-30D2-4517-9B58-04E7A9451A95}"
	ProjectSection(SolutionItems) = preProject
		Xmls\Failures\B58.steam.fail.xml = Xmls\Failures\B58.steam.fail.xml
		Xmls\Failures\C172.gauge.fail.xml = Xmls\Failures\C172.gauge.fail.xml
		Xmls\Failures\Failures-test.fail.xml = Xmls\Failures\Failures-test.fail.xml
		Xmls\Failures\Failures.fail.xml = Xmls\Failures\Failures.fail.xml
		Xmls\Failures\FBW320.fail.xml = Xmls\Failures\FBW320.fail.xml
	EndProjectSection
EndProject
Project("{2150E333-8FDC-42A3-9474-1A3956D46DE8}") = "Copilot", "Copilot", "{6F1EAD50-F00C-44CF-A9E0-4CCBDEF29773}"
	ProjectSection(SolutionItems) = preProject
		Xmls\Copilot\ifrCommon.copilot.xml = Xmls\Copilot\ifrCommon.copilot.xml
		Xmls\copilot\test.copilot.xml = Xmls\copilot\test.copilot.xml
	EndProjectSection
EndProject
Project("{9A19103F-16F7-4668-BE54-9A1E7A4F7556}") = "ELogging", "Libs\ELoging\ELogging.csproj", "{56A001E5-4021-41C9-B78E-CD324435DFD5}"
EndProject
Project("{9A19103F-16F7-4668-BE54-9A1E7A4F7556}") = "ESimConnect", "Libs\ESimConnect\ESimConnect.csproj", "{12B83F5D-126F-46FC-B2BD-398B0B334841}"
EndProject
Project("{9A19103F-16F7-4668-BE54-9A1E7A4F7556}") = "EXmlLib", "Libs\EXmlLib\EXmlLib.csproj", "{786D4ED5-6608-430E-8440-27DA08D088B8}"
EndProject
Project("{9A19103F-16F7-4668-BE54-9A1E7A4F7556}") = "ChlaotModuleBase", "Libs\ChlaotModuleBase\ChlaotModuleBase.csproj", "{F6F98E28-4EE9-433F-A410-5462B1394BF7}"
EndProject
Project("{9A19103F-16F7-4668-BE54-9A1E7A4F7556}") = "AffinityModule", "Modules\AffinityModule\AffinityModule.csproj", "{9FC2774B-0B9F-4D23-8704-1B215161ACED}"
EndProject
Project("{9A19103F-16F7-4668-BE54-9A1E7A4F7556}") = "CopilotModule", "Modules\CopilotModule\CopilotModule.csproj", "{920FC75B-061A-43DE-90EE-CF022DD1C6DF}"
EndProject
Project("{9A19103F-16F7-4668-BE54-9A1E7A4F7556}") = "ChecklistModule", "Modules\ChecklistModule\ChecklistModule.csproj", "{E4EF9B1C-3C76-4C69-8AAF-5CEC49B9514B}"
EndProject
Project("{2150E333-8FDC-42A3-9474-1A3956D46DE8}") = "Affinity", "Affinity", "{C728BFD9-4FD3-484B-B4D9-F5DF5F43DBA7}"
	ProjectSection(SolutionItems) = preProject
		Xmls\Affinity\schema.affi.xml = Xmls\Affinity\schema.affi.xml
		Xmls\Affinity\schema16threads.xml = Xmls\Affinity\schema16threads.xml
		Xmls\Affinity\schema8threads.xml = Xmls\Affinity\schema8threads.xml
	EndProjectSection
EndProject
Project("{9A19103F-16F7-4668-BE54-9A1E7A4F7556}") = "FailuresModule", "Modules\FailuresModule\FailuresModule.csproj", "{ABE7AD3D-4576-45B6-8446-E205765120F5}"
EndProject
Project("{2150E333-8FDC-42A3-9474-1A3956D46DE8}") = "Solution Items", "Solution Items", "{8D880A4D-C5CE-4953-B19B-EEC32A846425}"
	ProjectSection(SolutionItems) = preProject
		ComponentModel.planttext.txt = ComponentModel.planttext.txt
	EndProjectSection
EndProject
Project("{2150E333-8FDC-42A3-9474-1A3956D46DE8}") = "Tools", "Tools", "{AE4A982F-17A3-41F0-9152-9002908F1822}"
EndProject
Project("{9A19103F-16F7-4668-BE54-9A1E7A4F7556}") = "SimDataCapturer", "SimDataCapturer\SimDataCapturer.csproj", "{8624398A-1DD4-4CE9-93BE-C16F604BBA8F}"
EndProject
Project("{9A19103F-16F7-4668-BE54-9A1E7A4F7556}") = "ESystem", "ESystem\ESystem.csproj", "{D47B932B-D907-431E-9FBE-A9446FB0A4D5}"
EndProject
Project("{9A19103F-16F7-4668-BE54-9A1E7A4F7556}") = "SimVarTestModule", "Modules\SimVarTest\SimVarTestModule.csproj", "{EE75BBC5-848C-4E39-AB49-F4922FC1626F}"
EndProject
Project("{2150E333-8FDC-42A3-9474-1A3956D46DE8}") = "Global", "Global", "{8D41DB2D-C963-4C4F-8904-A38AC779E0CD}"
	ProjectSection(SolutionItems) = preProject
		Xmls\Global\FailureDefinitions.xml = Xmls\Global\FailureDefinitions.xml
		Xmls\Global\SimProperties.xml = Xmls\Global\SimProperties.xml
	EndProjectSection
EndProject
Global
	GlobalSection(SolutionConfigurationPlatforms) = preSolution
		Debug|Any CPU = Debug|Any CPU
		Release|Any CPU = Release|Any CPU
	EndGlobalSection
	GlobalSection(ProjectConfigurationPlatforms) = postSolution
		{73DED221-41F9-411A-9CFF-2ABEA5964D93}.Debug|Any CPU.ActiveCfg = Debug|Any CPU
		{73DED221-41F9-411A-9CFF-2ABEA5964D93}.Debug|Any CPU.Build.0 = Debug|Any CPU
		{73DED221-41F9-411A-9CFF-2ABEA5964D93}.Release|Any CPU.ActiveCfg = Release|Any CPU
		{73DED221-41F9-411A-9CFF-2ABEA5964D93}.Release|Any CPU.Build.0 = Release|Any CPU
		{532B685B-9D3F-4E4F-8C3D-FA194F265C8C}.Debug|Any CPU.ActiveCfg = Debug|Any CPU
		{532B685B-9D3F-4E4F-8C3D-FA194F265C8C}.Debug|Any CPU.Build.0 = Debug|Any CPU
		{532B685B-9D3F-4E4F-8C3D-FA194F265C8C}.Release|Any CPU.ActiveCfg = Release|Any CPU
		{532B685B-9D3F-4E4F-8C3D-FA194F265C8C}.Release|Any CPU.Build.0 = Release|Any CPU
		{56A001E5-4021-41C9-B78E-CD324435DFD5}.Debug|Any CPU.ActiveCfg = Debug|Any CPU
		{56A001E5-4021-41C9-B78E-CD324435DFD5}.Debug|Any CPU.Build.0 = Debug|Any CPU
		{56A001E5-4021-41C9-B78E-CD324435DFD5}.Release|Any CPU.ActiveCfg = Release|Any CPU
		{56A001E5-4021-41C9-B78E-CD324435DFD5}.Release|Any CPU.Build.0 = Release|Any CPU
		{12B83F5D-126F-46FC-B2BD-398B0B334841}.Debug|Any CPU.ActiveCfg = Debug|Any CPU
		{12B83F5D-126F-46FC-B2BD-398B0B334841}.Debug|Any CPU.Build.0 = Debug|Any CPU
		{12B83F5D-126F-46FC-B2BD-398B0B334841}.Release|Any CPU.ActiveCfg = Release|Any CPU
		{12B83F5D-126F-46FC-B2BD-398B0B334841}.Release|Any CPU.Build.0 = Release|Any CPU
		{786D4ED5-6608-430E-8440-27DA08D088B8}.Debug|Any CPU.ActiveCfg = Debug|Any CPU
		{786D4ED5-6608-430E-8440-27DA08D088B8}.Debug|Any CPU.Build.0 = Debug|Any CPU
		{786D4ED5-6608-430E-8440-27DA08D088B8}.Release|Any CPU.ActiveCfg = Release|Any CPU
		{786D4ED5-6608-430E-8440-27DA08D088B8}.Release|Any CPU.Build.0 = Release|Any CPU
		{F6F98E28-4EE9-433F-A410-5462B1394BF7}.Debug|Any CPU.ActiveCfg = Debug|Any CPU
		{F6F98E28-4EE9-433F-A410-5462B1394BF7}.Debug|Any CPU.Build.0 = Debug|Any CPU
		{F6F98E28-4EE9-433F-A410-5462B1394BF7}.Release|Any CPU.ActiveCfg = Release|Any CPU
		{F6F98E28-4EE9-433F-A410-5462B1394BF7}.Release|Any CPU.Build.0 = Release|Any CPU
		{9FC2774B-0B9F-4D23-8704-1B215161ACED}.Debug|Any CPU.ActiveCfg = Debug|Any CPU
		{9FC2774B-0B9F-4D23-8704-1B215161ACED}.Debug|Any CPU.Build.0 = Debug|Any CPU
		{9FC2774B-0B9F-4D23-8704-1B215161ACED}.Release|Any CPU.ActiveCfg = Release|Any CPU
		{9FC2774B-0B9F-4D23-8704-1B215161ACED}.Release|Any CPU.Build.0 = Release|Any CPU
		{920FC75B-061A-43DE-90EE-CF022DD1C6DF}.Debug|Any CPU.ActiveCfg = Debug|Any CPU
		{920FC75B-061A-43DE-90EE-CF022DD1C6DF}.Debug|Any CPU.Build.0 = Debug|Any CPU
		{920FC75B-061A-43DE-90EE-CF022DD1C6DF}.Release|Any CPU.ActiveCfg = Release|Any CPU
		{920FC75B-061A-43DE-90EE-CF022DD1C6DF}.Release|Any CPU.Build.0 = Release|Any CPU
		{E4EF9B1C-3C76-4C69-8AAF-5CEC49B9514B}.Debug|Any CPU.ActiveCfg = Debug|Any CPU
		{E4EF9B1C-3C76-4C69-8AAF-5CEC49B9514B}.Debug|Any CPU.Build.0 = Debug|Any CPU
		{E4EF9B1C-3C76-4C69-8AAF-5CEC49B9514B}.Release|Any CPU.ActiveCfg = Release|Any CPU
		{E4EF9B1C-3C76-4C69-8AAF-5CEC49B9514B}.Release|Any CPU.Build.0 = Release|Any CPU
		{ABE7AD3D-4576-45B6-8446-E205765120F5}.Debug|Any CPU.ActiveCfg = Debug|Any CPU
		{ABE7AD3D-4576-45B6-8446-E205765120F5}.Debug|Any CPU.Build.0 = Debug|Any CPU
		{ABE7AD3D-4576-45B6-8446-E205765120F5}.Release|Any CPU.ActiveCfg = Release|Any CPU
		{ABE7AD3D-4576-45B6-8446-E205765120F5}.Release|Any CPU.Build.0 = Release|Any CPU
		{8624398A-1DD4-4CE9-93BE-C16F604BBA8F}.Debug|Any CPU.ActiveCfg = Debug|Any CPU
		{8624398A-1DD4-4CE9-93BE-C16F604BBA8F}.Debug|Any CPU.Build.0 = Debug|Any CPU
		{8624398A-1DD4-4CE9-93BE-C16F604BBA8F}.Release|Any CPU.ActiveCfg = Release|Any CPU
		{8624398A-1DD4-4CE9-93BE-C16F604BBA8F}.Release|Any CPU.Build.0 = Release|Any CPU
		{D47B932B-D907-431E-9FBE-A9446FB0A4D5}.Debug|Any CPU.ActiveCfg = Debug|Any CPU
		{D47B932B-D907-431E-9FBE-A9446FB0A4D5}.Debug|Any CPU.Build.0 = Debug|Any CPU
		{D47B932B-D907-431E-9FBE-A9446FB0A4D5}.Release|Any CPU.ActiveCfg = Release|Any CPU
		{D47B932B-D907-431E-9FBE-A9446FB0A4D5}.Release|Any CPU.Build.0 = Release|Any CPU
		{EE75BBC5-848C-4E39-AB49-F4922FC1626F}.Debug|Any CPU.ActiveCfg = Debug|Any CPU
		{EE75BBC5-848C-4E39-AB49-F4922FC1626F}.Debug|Any CPU.Build.0 = Debug|Any CPU
		{EE75BBC5-848C-4E39-AB49-F4922FC1626F}.Release|Any CPU.ActiveCfg = Release|Any CPU
		{EE75BBC5-848C-4E39-AB49-F4922FC1626F}.Release|Any CPU.Build.0 = Release|Any CPU
	EndGlobalSection
	GlobalSection(SolutionProperties) = preSolution
		HideSolutionNode = FALSE
	EndGlobalSection
	GlobalSection(NestedProjects) = preSolution
		{404576BE-5C9A-4B1A-8A79-87DFB1E2718C} = {56EA1EB7-0FB0-42D6-B301-9BFE7061088D}
		{449B60D4-B914-4D79-A613-532AFFF4AA5A} = {56EA1EB7-0FB0-42D6-B301-9BFE7061088D}
		{10F6197D-30D2-4517-9B58-04E7A9451A95} = {56EA1EB7-0FB0-42D6-B301-9BFE7061088D}
		{6F1EAD50-F00C-44CF-A9E0-4CCBDEF29773} = {56EA1EB7-0FB0-42D6-B301-9BFE7061088D}
		{56A001E5-4021-41C9-B78E-CD324435DFD5} = {BDA214A5-916B-47DD-AAC4-51A85D016FAE}
		{12B83F5D-126F-46FC-B2BD-398B0B334841} = {BDA214A5-916B-47DD-AAC4-51A85D016FAE}
		{786D4ED5-6608-430E-8440-27DA08D088B8} = {BDA214A5-916B-47DD-AAC4-51A85D016FAE}
		{F6F98E28-4EE9-433F-A410-5462B1394BF7} = {BDA214A5-916B-47DD-AAC4-51A85D016FAE}
		{9FC2774B-0B9F-4D23-8704-1B215161ACED} = {50476E83-616C-4626-99B3-011038C60496}
		{920FC75B-061A-43DE-90EE-CF022DD1C6DF} = {50476E83-616C-4626-99B3-011038C60496}
		{E4EF9B1C-3C76-4C69-8AAF-5CEC49B9514B} = {50476E83-616C-4626-99B3-011038C60496}
		{C728BFD9-4FD3-484B-B4D9-F5DF5F43DBA7} = {56EA1EB7-0FB0-42D6-B301-9BFE7061088D}
		{ABE7AD3D-4576-45B6-8446-E205765120F5} = {50476E83-616C-4626-99B3-011038C60496}
		{D47B932B-D907-431E-9FBE-A9446FB0A4D5} = {BDA214A5-916B-47DD-AAC4-51A85D016FAE}
		{EE75BBC5-848C-4E39-AB49-F4922FC1626F} = {50476E83-616C-4626-99B3-011038C60496}
		{8D41DB2D-C963-4C4F-8904-A38AC779E0CD} = {56EA1EB7-0FB0-42D6-B301-9BFE7061088D}
	EndGlobalSection
	GlobalSection(ExtensibilityGlobals) = postSolution
		SolutionGuid = {635265FD-4132-4AE6-BFE3-2E4C9A812E0B}
	EndGlobalSection
EndGlobal
